
Microsoft Visual Studio Solution File, Format Version 11.00
# Visual Studio 2010
Project("{FAE04EC0-301F-11D3-BF4B-00C04F79EFBC}") = "Assembly-CSharp-firstpass", "Assembly-CSharp-firstpass.csproj", "{01982EC3-B54F-0020-1715-7BD5FCC1D9DC}"
EndProject
Project("{FAE04EC0-301F-11D3-BF4B-00C04F79EFBC}") = "Assembly-CSharp", "Assembly-CSharp.csproj", "{A3EC0173-27C3-E903-E025-1598E9159BC1}"
EndProject
Project("{FAE04EC0-301F-11D3-BF4B-00C04F79EFBC}") = "Assembly-CSharp-Editor", "Assembly-CSharp-Editor.csproj", "{ABBE952B-6DD2-0697-79C6-900782E63D94}"
EndProject
Project("{FAE04EC0-301F-11D3-BF4B-00C04F79EFBC}") = "Assembly-CSharp-Editor-firstpass", "Assembly-CSharp-Editor-firstpass.csproj", "{24E5101A-69F1-D03A-00D6-D6823B61450A}"
EndProject
Global
	GlobalSection(SolutionConfigurationPlatforms) = preSolution
		Debug|Any CPU = Debug|Any CPU
		Release|Any CPU = Release|Any CPU
	EndGlobalSection
	GlobalSection(ProjectConfigurationPlatforms) = postSolution
		{01982EC3-B54F-0020-1715-7BD5FCC1D9DC}.Debug|Any CPU.ActiveCfg = Debug|Any CPU
		{01982EC3-B54F-0020-1715-7BD5FCC1D9DC}.Debug|Any CPU.Build.0 = Debug|Any CPU
		{01982EC3-B54F-0020-1715-7BD5FCC1D9DC}.Release|Any CPU.ActiveCfg = Release|Any CPU
		{01982EC3-B54F-0020-1715-7BD5FCC1D9DC}.Release|Any CPU.Build.0 = Release|Any CPU
		{A3EC0173-27C3-E903-E025-1598E9159BC1}.Debug|Any CPU.ActiveCfg = Debug|Any CPU
		{A3EC0173-27C3-E903-E025-1598E9159BC1}.Debug|Any CPU.Build.0 = Debug|Any CPU
		{A3EC0173-27C3-E903-E025-1598E9159BC1}.Release|Any CPU.ActiveCfg = Release|Any CPU
		{A3EC0173-27C3-E903-E025-1598E9159BC1}.Release|Any CPU.Build.0 = Release|Any CPU
		{ABBE952B-6DD2-0697-79C6-900782E63D94}.Debug|Any CPU.ActiveCfg = Debug|Any CPU
		{ABBE952B-6DD2-0697-79C6-900782E63D94}.Debug|Any CPU.Build.0 = Debug|Any CPU
		{ABBE952B-6DD2-0697-79C6-900782E63D94}.Release|Any CPU.ActiveCfg = Release|Any CPU
		{ABBE952B-6DD2-0697-79C6-900782E63D94}.Release|Any CPU.Build.0 = Release|Any CPU
		{24E5101A-69F1-D03A-00D6-D6823B61450A}.Debug|Any CPU.ActiveCfg = Debug|Any CPU
		{24E5101A-69F1-D03A-00D6-D6823B61450A}.Debug|Any CPU.Build.0 = Debug|Any CPU
		{24E5101A-69F1-D03A-00D6-D6823B61450A}.Release|Any CPU.ActiveCfg = Release|Any CPU
		{24E5101A-69F1-D03A-00D6-D6823B61450A}.Release|Any CPU.Build.0 = Release|Any CPU
	EndGlobalSection
	GlobalSection(SolutionProperties) = preSolution
		HideSolutionNode = FALSE
	EndGlobalSection
	GlobalSection(MonoDevelopProperties) = preSolution
		StartupItem = Assembly-CSharp.csproj
	EndGlobalSection
EndGlobal
